
Microsoft Visual Studio Solution File, Format Version 12.00
# Visual Studio 14
VisualStudioVersion = 14.0.24720.0
MinimumVisualStudioVersion = 10.0.40219.1
Project("{FAE04EC0-301F-11D3-BF4B-00C04F79EFBC}") = "MyIoCLib", "MyIoCLib\MyIoCLib.csproj", "{FAF67DA3-F182-49DB-8D08-1737DA61D48C}"
EndProject
Project("{FAE04EC0-301F-11D3-BF4B-00C04F79EFBC}") = "MyIoCTests", "MyIoCLibTests\MyIoCTests.csproj", "{65D5CF21-9B66-4814-B419-2346AC7E537E}"
EndProject
Project("{FAE04EC0-301F-11D3-BF4B-00C04F79EFBC}") = "UsageExample", "UsageExample\UsageExample.csproj", "{4A7620D2-91C8-4A2F-93CF-7D0E3A660EDA}"
EndProject
Global
	GlobalSection(SolutionConfigurationPlatforms) = preSolution
		Debug|Any CPU = Debug|Any CPU
		Release|Any CPU = Release|Any CPU
	EndGlobalSection
	GlobalSection(ProjectConfigurationPlatforms) = postSolution
		{FAF67DA3-F182-49DB-8D08-1737DA61D48C}.Debug|Any CPU.ActiveCfg = Debug|Any CPU
		{FAF67DA3-F182-49DB-8D08-1737DA61D48C}.Debug|Any CPU.Build.0 = Debug|Any CPU
		{FAF67DA3-F182-49DB-8D08-1737DA61D48C}.Release|Any CPU.ActiveCfg = Release|Any CPU
		{FAF67DA3-F182-49DB-8D08-1737DA61D48C}.Release|Any CPU.Build.0 = Release|Any CPU
		{65D5CF21-9B66-4814-B419-2346AC7E537E}.Debug|Any CPU.ActiveCfg = Debug|Any CPU
		{65D5CF21-9B66-4814-B419-2346AC7E537E}.Debug|Any CPU.Build.0 = Debug|Any CPU
		{65D5CF21-9B66-4814-B419-2346AC7E537E}.Release|Any CPU.ActiveCfg = Release|Any CPU
		{65D5CF21-9B66-4814-B419-2346AC7E537E}.Release|Any CPU.Build.0 = Release|Any CPU
		{4A7620D2-91C8-4A2F-93CF-7D0E3A660EDA}.Debug|Any CPU.ActiveCfg = Debug|Any CPU
		{4A7620D2-91C8-4A2F-93CF-7D0E3A660EDA}.Debug|Any CPU.Build.0 = Debug|Any CPU
		{4A7620D2-91C8-4A2F-93CF-7D0E3A660EDA}.Release|Any CPU.ActiveCfg = Release|Any CPU
		{4A7620D2-91C8-4A2F-93CF-7D0E3A660EDA}.Release|Any CPU.Build.0 = Release|Any CPU
	EndGlobalSection
	GlobalSection(SolutionProperties) = preSolution
		HideSolutionNode = FALSE
	EndGlobalSection
EndGlobal
